// !$*UTF8*$!
{
	archiveVersion = 1;
	classes = {
	};
	objectVersion = 77;
	objects = {

/* Begin PBXBuildFile section */
		494283152E041A600043DE05 /* FirebaseAuth in Frameworks */ = {isa = PBXBuildFile; productRef = 494283142E041A600043DE05 /* FirebaseAuth */; };
		494283172E041A600043DE05 /* FirebaseCore in Frameworks */ = {isa = PBXBuildFile; productRef = 494283162E041A600043DE05 /* FirebaseCore */; };
		494283192E041A600043DE05 /* FirebaseDatabase in Frameworks */ = {isa = PBXBuildFile; productRef = 494283182E041A600043DE05 /* FirebaseDatabase */; };
		4942831B2E041A600043DE05 /* FirebaseFirestore in Frameworks */ = {isa = PBXBuildFile; productRef = 4942831A2E041A600043DE05 /* FirebaseFirestore */; };
		4942831D2E041A600043DE05 /* FirebaseStorage in Frameworks */ = {isa = PBXBuildFile; productRef = 4942831C2E041A600043DE05 /* FirebaseStorage */; };
/* End PBXBuildFile section */

/* Begin PBXContainerItemProxy section */
		494282D12E03EB5E0043DE05 /* PBXContainerItemProxy */ = {
			isa = PBXContainerItemProxy;
			containerPortal = 494282BB2E03EB5C0043DE05 /* Project object */;
			proxyType = 1;
			remoteGlobalIDString = 494282C22E03EB5C0043DE05;
			remoteInfo = FlashCard;
		};
		494282DB2E03EB5E0043DE05 /* PBXContainerItemProxy */ = {
			isa = PBXContainerItemProxy;
			containerPortal = 494282BB2E03EB5C0043DE05 /* Project object */;
			proxyType = 1;
			remoteGlobalIDString = 494282C22E03EB5C0043DE05;
			remoteInfo = FlashCard;
		};
/* End PBXContainerItemProxy section */

/* Begin PBXFileReference section */
		494282C32E03EB5C0043DE05 /* FlashCard.app */ = {isa = PBXFileReference; explicitFileType = wrapper.application; includeInIndex = 0; path = FlashCard.app; sourceTree = BUILT_PRODUCTS_DIR; };
		494282D02E03EB5E0043DE05 /* FlashCardTests.xctest */ = {isa = PBXFileReference; explicitFileType = wrapper.cfbundle; includeInIndex = 0; path = FlashCardTests.xctest; sourceTree = BUILT_PRODUCTS_DIR; };
		494282DA2E03EB5E0043DE05 /* FlashCardUITests.xctest */ = {isa = PBXFileReference; explicitFileType = wrapper.cfbundle; includeInIndex = 0; path = FlashCardUITests.xctest; sourceTree = BUILT_PRODUCTS_DIR; };
/* End PBXFileReference section */

/* Begin PBXFileSystemSynchronizedRootGroup section */
		494282C52E03EB5C0043DE05 /* FlashCard */ = {
			isa = PBXFileSystemSynchronizedRootGroup;
			path = FlashCard;
			sourceTree = "<group>";
		};
		494282D32E03EB5E0043DE05 /* FlashCardTests */ = {
			isa = PBXFileSystemSynchronizedRootGroup;
			path = FlashCardTests;
			sourceTree = "<group>";
		};
		494282DD2E03EB5E0043DE05 /* FlashCardUITests */ = {
			isa = PBXFileSystemSynchronizedRootGroup;
			path = FlashCardUITests;
			sourceTree = "<group>";
		};
/* End PBXFileSystemSynchronizedRootGroup section */

/* Begin PBXFrameworksBuildPhase section */
		494282C02E03EB5C0043DE05 /* Frameworks */ = {
			isa = PBXFrameworksBuildPhase;
			buildActionMask = 2147483647;
			files = (
				494283192E041A600043DE05 /* FirebaseDatabase in Frameworks */,
				4942831B2E041A600043DE05 /* FirebaseFirestore in Frameworks */,
				494283172E041A600043DE05 /* FirebaseCore in Frameworks */,
				4942831D2E041A600043DE05 /* FirebaseStorage in Frameworks */,
				494283152E041A600043DE05 /* FirebaseAuth in Frameworks */,
			);
			runOnlyForDeploymentPostprocessing = 0;
		};
		494282CD2E03EB5E0043DE05 /* Frameworks */ = {
			isa = PBXFrameworksBuildPhase;
			buildActionMask = 2147483647;
			files = (
			);
			runOnlyForDeploymentPostprocessing = 0;
		};
		494282D72E03EB5E0043DE05 /* Frameworks */ = {
			isa = PBXFrameworksBuildPhase;
			buildActionMask = 2147483647;
			files = (
			);
			runOnlyForDeploymentPostprocessing = 0;
		};
/* End PBXFrameworksBuildPhase section */

/* Begin PBXGroup section */
		494282BA2E03EB5C0043DE05 = {
			isa = PBXGroup;
			children = (
				494282C52E03EB5C0043DE05 /* FlashCard */,
				494282D32E03EB5E0043DE05 /* FlashCardTests */,
				494282DD2E03EB5E0043DE05 /* FlashCardUITests */,
				494282C42E03EB5C0043DE05 /* Products */,
			);
			sourceTree = "<group>";
		};
		494282C42E03EB5C0043DE05 /* Products */ = {
			isa = PBXGroup;
			children = (
				494282C32E03EB5C0043DE05 /* FlashCard.app */,
				494282D02E03EB5E0043DE05 /* FlashCardTests.xctest */,
				494282DA2E03EB5E0043DE05 /* FlashCardUITests.xctest */,
			);
			name = Products;
			sourceTree = "<group>";
		};
/* End PBXGroup section */

/* Begin PBXNativeTarget section */
		494282C22E03EB5C0043DE05 /* FlashCard */ = {
			isa = PBXNativeTarget;
			buildConfigurationList = 494282E42E03EB5E0043DE05 /* Build configuration list for PBXNativeTarget "FlashCard" */;
			buildPhases = (
				494282BF2E03EB5C0043DE05 /* Sources */,
				494282C02E03EB5C0043DE05 /* Frameworks */,
				494282C12E03EB5C0043DE05 /* Resources */,
			);
			buildRules = (
			);
			dependencies = (
			);
			fileSystemSynchronizedGroups = (
				494282C52E03EB5C0043DE05 /* FlashCard */,
			);
			name = FlashCard;
			packageProductDependencies = (
				494283142E041A600043DE05 /* FirebaseAuth */,
				494283162E041A600043DE05 /* FirebaseCore */,
				494283182E041A600043DE05 /* FirebaseDatabase */,
				4942831A2E041A600043DE05 /* FirebaseFirestore */,
				4942831C2E041A600043DE05 /* FirebaseStorage */,
			);
			productName = FlashCard;
			productReference = 494282C32E03EB5C0043DE05 /* FlashCard.app */;
			productType = "com.apple.product-type.application";
		};
		494282CF2E03EB5E0043DE05 /* FlashCardTests */ = {
			isa = PBXNativeTarget;
			buildConfigurationList = 494282E72E03EB5E0043DE05 /* Build configuration list for PBXNativeTarget "FlashCardTests" */;
			buildPhases = (
				494282CC2E03EB5E0043DE05 /* Sources */,
				494282CD2E03EB5E0043DE05 /* Frameworks */,
				494282CE2E03EB5E0043DE05 /* Resources */,
			);
			buildRules = (
			);
			dependencies = (
				494282D22E03EB5E0043DE05 /* PBXTargetDependency */,
			);
			fileSystemSynchronizedGroups = (
				494282D32E03EB5E0043DE05 /* FlashCardTests */,
			);
			name = FlashCardTests;
			packageProductDependencies = (
			);
			productName = FlashCardTests;
			productReference = 494282D02E03EB5E0043DE05 /* FlashCardTests.xctest */;
			productType = "com.apple.product-type.bundle.unit-test";
		};
		494282D92E03EB5E0043DE05 /* FlashCardUITests */ = {
			isa = PBXNativeTarget;
			buildConfigurationList = 494282EA2E03EB5E0043DE05 /* Build configuration list for PBXNativeTarget "FlashCardUITests" */;
			buildPhases = (
				494282D62E03EB5E0043DE05 /* Sources */,
				494282D72E03EB5E0043DE05 /* Frameworks */,
				494282D82E03EB5E0043DE05 /* Resources */,
			);
			buildRules = (
			);
			dependencies = (
				494282DC2E03EB5E0043DE05 /* PBXTargetDependency */,
			);
			fileSystemSynchronizedGroups = (
				494282DD2E03EB5E0043DE05 /* FlashCardUITests */,
			);
			name = FlashCardUITests;
			packageProductDependencies = (
			);
			productName = FlashCardUITests;
			productReference = 494282DA2E03EB5E0043DE05 /* FlashCardUITests.xctest */;
			productType = "com.apple.product-type.bundle.ui-testing";
		};
/* End PBXNativeTarget section */

/* Begin PBXProject section */
		494282BB2E03EB5C0043DE05 /* Project object */ = {
			isa = PBXProject;
			attributes = {
				BuildIndependentTargetsInParallel = 1;
				LastSwiftUpdateCheck = 1640;
				LastUpgradeCheck = 1640;
				TargetAttributes = {
					494282C22E03EB5C0043DE05 = {
						CreatedOnToolsVersion = 16.4;
					};
					494282CF2E03EB5E0043DE05 = {
						CreatedOnToolsVersion = 16.4;
						TestTargetID = 494282C22E03EB5C0043DE05;
					};
					494282D92E03EB5E0043DE05 = {
						CreatedOnToolsVersion = 16.4;
						TestTargetID = 494282C22E03EB5C0043DE05;
					};
				};
			};
			buildConfigurationList = 494282BE2E03EB5C0043DE05 /* Build configuration list for PBXProject "FlashCard" */;
			developmentRegion = en;
			hasScannedForEncodings = 0;
			knownRegions = (
				en,
				Base,
			);
			mainGroup = 494282BA2E03EB5C0043DE05;
			minimizedProjectReferenceProxies = 1;
			packageReferences = (
				494283132E041A600043DE05 /* XCRemoteSwiftPackageReference "firebase-ios-sdk" */,
			);
			preferredProjectObjectVersion = 77;
			productRefGroup = 494282C42E03EB5C0043DE05 /* Products */;
			projectDirPath = "";
			projectRoot = "";
			targets = (
				494282C22E03EB5C0043DE05 /* FlashCard */,
				494282CF2E03EB5E0043DE05 /* FlashCardTests */,
				494282D92E03EB5E0043DE05 /* FlashCardUITests */,
			);
		};
/* End PBXProject section */

/* Begin PBXResourcesBuildPhase section */
		494282C12E03EB5C0043DE05 /* Resources */ = {
			isa = PBXResourcesBuildPhase;
			buildActionMask = 2147483647;
			files = (
			);
			runOnlyForDeploymentPostprocessing = 0;
		};
		494282CE2E03EB5E0043DE05 /* Resources */ = {
			isa = PBXResourcesBuildPhase;
			buildActionMask = 2147483647;
			files = (
			);
			runOnlyForDeploymentPostprocessing = 0;
		};
		494282D82E03EB5E0043DE05 /* Resources */ = {
			isa = PBXResourcesBuildPhase;
			buildActionMask = 2147483647;
			files = (
			);
			runOnlyForDeploymentPostprocessing = 0;
		};
/* End PBXResourcesBuildPhase section */

/* Begin PBXSourcesBuildPhase section */
		494282BF2E03EB5C0043DE05 /* Sources */ = {
			isa = PBXSourcesBuildPhase;
			buildActionMask = 2147483647;
			files = (
			);
			runOnlyForDeploymentPostprocessing = 0;
		};
		494282CC2E03EB5E0043DE05 /* Sources */ = {
			isa = PBXSourcesBuildPhase;
			buildActionMask = 2147483647;
			files = (
			);
			runOnlyForDeploymentPostprocessing = 0;
		};
		494282D62E03EB5E0043DE05 /* Sources */ = {
			isa = PBXSourcesBuildPhase;
			buildActionMask = 2147483647;
			files = (
			);
			runOnlyForDeploymentPostprocessing = 0;
		};
/* End PBXSourcesBuildPhase section */

/* Begin PBXTargetDependency section */
		494282D22E03EB5E0043DE05 /* PBXTargetDependency */ = {
			isa = PBXTargetDependency;
			target = 494282C22E03EB5C0043DE05 /* FlashCard */;
			targetProxy = 494282D12E03EB5E0043DE05 /* PBXContainerItemProxy */;
		};
		494282DC2E03EB5E0043DE05 /* PBXTargetDependency */ = {
			isa = PBXTargetDependency;
			target = 494282C22E03EB5C0043DE05 /* FlashCard */;
			targetProxy = 494282DB2E03EB5E0043DE05 /* PBXContainerItemProxy */;
		};
/* End PBXTargetDependency section */

/* Begin XCBuildConfiguration section */
		494282E22E03EB5E0043DE05 /* Debug */ = {
			isa = XCBuildConfiguration;
			buildSettings = {
				ALWAYS_SEARCH_USER_PATHS = NO;
				ASSETCATALOG_COMPILER_GENERATE_SWIFT_ASSET_SYMBOL_EXTENSIONS = YES;
				CLANG_ANALYZER_NONNULL = YES;
				CLANG_ANALYZER_NUMBER_OBJECT_CONVERSION = YES_AGGRESSIVE;
				CLANG_CXX_LANGUAGE_STANDARD = "gnu++20";
				CLANG_ENABLE_MODULES = YES;
				CLANG_ENABLE_OBJC_ARC = YES;
				CLANG_ENABLE_OBJC_WEAK = YES;
				CLANG_WARN_BLOCK_CAPTURE_AUTORELEASING = YES;
				CLANG_WARN_BOOL_CONVERSION = YES;
				CLANG_WARN_COMMA = YES;
				CLANG_WARN_CONSTANT_CONVERSION = YES;
				CLANG_WARN_DEPRECATED_OBJC_IMPLEMENTATIONS = YES;
				CLANG_WARN_DIRECT_OBJC_ISA_USAGE = YES_ERROR;
				CLANG_WARN_DOCUMENTATION_COMMENTS = YES;
				CLANG_WARN_EMPTY_BODY = YES;
				CLANG_WARN_ENUM_CONVERSION = YES;
				CLANG_WARN_INFINITE_RECURSION = YES;
				CLANG_WARN_INT_CONVERSION = YES;
				CLANG_WARN_NON_LITERAL_NULL_CONVERSION = YES;
				CLANG_WARN_OBJC_IMPLICIT_RETAIN_SELF = YES;
				CLANG_WARN_OBJC_LITERAL_CONVERSION = YES;
				CLANG_WARN_OBJC_ROOT_CLASS = YES_ERROR;
				CLANG_WARN_QUOTED_INCLUDE_IN_FRAMEWORK_HEADER = YES;
				CLANG_WARN_RANGE_LOOP_ANALYSIS = YES;
				CLANG_WARN_STRICT_PROTOTYPES = YES;
				CLANG_WARN_SUSPICIOUS_MOVE = YES;
				CLANG_WARN_UNGUARDED_AVAILABILITY = YES_AGGRESSIVE;
				CLANG_WARN_UNREACHABLE_CODE = YES;
				CLANG_WARN__DUPLICATE_METHOD_MATCH = YES;
				COPY_PHASE_STRIP = NO;
				DEBUG_INFORMATION_FORMAT = dwarf;
				DEVELOPMENT_TEAM = XD59PG7AUF;
				ENABLE_STRICT_OBJC_MSGSEND = YES;
				ENABLE_TESTABILITY = YES;
				ENABLE_USER_SCRIPT_SANDBOXING = YES;
				GCC_C_LANGUAGE_STANDARD = gnu17;
				GCC_DYNAMIC_NO_PIC = NO;
				GCC_NO_COMMON_BLOCKS = YES;
				GCC_OPTIMIZATION_LEVEL = 0;
				GCC_PREPROCESSOR_DEFINITIONS = (
					"DEBUG=1",
					"$(inherited)",
				);
				GCC_WARN_64_TO_32_BIT_CONVERSION = YES;
				GCC_WARN_ABOUT_RETURN_TYPE = YES_ERROR;
				GCC_WARN_UNDECLARED_SELECTOR = YES;
				GCC_WARN_UNINITIALIZED_AUTOS = YES_AGGRESSIVE;
				GCC_WARN_UNUSED_FUNCTION = YES;
				GCC_WARN_UNUSED_VARIABLE = YES;
				IPHONEOS_DEPLOYMENT_TARGET = 18.5;
				LOCALIZATION_PREFERS_STRING_CATALOGS = YES;
				MTL_ENABLE_DEBUG_INFO = INCLUDE_SOURCE;
				MTL_FAST_MATH = YES;
				ONLY_ACTIVE_ARCH = YES;
				SDKROOT = iphoneos;
				SWIFT_ACTIVE_COMPILATION_CONDITIONS = "DEBUG $(inherited)";
				SWIFT_OPTIMIZATION_LEVEL = "-Onone";
			};
			name = Debug;
		};
		494282E32E03EB5E0043DE05 /* Release */ = {
			isa = XCBuildConfiguration;
			buildSettings = {
				ALWAYS_SEARCH_USER_PATHS = NO;
				ASSETCATALOG_COMPILER_GENERATE_SWIFT_ASSET_SYMBOL_EXTENSIONS = YES;
				CLANG_ANALYZER_NONNULL = YES;
				CLANG_ANALYZER_NUMBER_OBJECT_CONVERSION = YES_AGGRESSIVE;
				CLANG_CXX_LANGUAGE_STANDARD = "gnu++20";
				CLANG_ENABLE_MODULES = YES;
				CLANG_ENABLE_OBJC_ARC = YES;
				CLANG_ENABLE_OBJC_WEAK = YES;
				CLANG_WARN_BLOCK_CAPTURE_AUTORELEASING = YES;
				CLANG_WARN_BOOL_CONVERSION = YES;
				CLANG_WARN_COMMA = YES;
				CLANG_WARN_CONSTANT_CONVERSION = YES;
				CLANG_WARN_DEPRECATED_OBJC_IMPLEMENTATIONS = YES;
				CLANG_WARN_DIRECT_OBJC_ISA_USAGE = YES_ERROR;
				CLANG_WARN_DOCUMENTATION_COMMENTS = YES;
				CLANG_WARN_EMPTY_BODY = YES;
				CLANG_WARN_ENUM_CONVERSION = YES;
				CLANG_WARN_INFINITE_RECURSION = YES;
				CLANG_WARN_INT_CONVERSION = YES;
				CLANG_WARN_NON_LITERAL_NULL_CONVERSION = YES;
				CLANG_WARN_OBJC_IMPLICIT_RETAIN_SELF = YES;
				CLANG_WARN_OBJC_LITERAL_CONVERSION = YES;
				CLANG_WARN_OBJC_ROOT_CLASS = YES_ERROR;
				CLANG_WARN_QUOTED_INCLUDE_IN_FRAMEWORK_HEADER = YES;
				CLANG_WARN_RANGE_LOOP_ANALYSIS = YES;
				CLANG_WARN_STRICT_PROTOTYPES = YES;
				CLANG_WARN_SUSPICIOUS_MOVE = YES;
				CLANG_WARN_UNGUARDED_AVAILABILITY = YES_AGGRESSIVE;
				CLANG_WARN_UNREACHABLE_CODE = YES;
				CLANG_WARN__DUPLICATE_METHOD_MATCH = YES;
				COPY_PHASE_STRIP = NO;
				DEBUG_INFORMATION_FORMAT = "dwarf-with-dsym";
				DEVELOPMENT_TEAM = XD59PG7AUF;
				ENABLE_NS_ASSERTIONS = NO;
				ENABLE_STRICT_OBJC_MSGSEND = YES;
				ENABLE_USER_SCRIPT_SANDBOXING = YES;
				GCC_C_LANGUAGE_STANDARD = gnu17;
				GCC_NO_COMMON_BLOCKS = YES;
				GCC_WARN_64_TO_32_BIT_CONVERSION = YES;
				GCC_WARN_ABOUT_RETURN_TYPE = YES_ERROR;
				GCC_WARN_UNDECLARED_SELECTOR = YES;
				GCC_WARN_UNINITIALIZED_AUTOS = YES_AGGRESSIVE;
				GCC_WARN_UNUSED_FUNCTION = YES;
				GCC_WARN_UNUSED_VARIABLE = YES;
				IPHONEOS_DEPLOYMENT_TARGET = 18.5;
				LOCALIZATION_PREFERS_STRING_CATALOGS = YES;
				MTL_ENABLE_DEBUG_INFO = NO;
				MTL_FAST_MATH = YES;
				SDKROOT = iphoneos;
				SWIFT_COMPILATION_MODE = wholemodule;
				VALIDATE_PRODUCT = YES;
			};
			name = Release;
		};
		494282E52E03EB5E0043DE05 /* Debug */ = {
			isa = XCBuildConfiguration;
			buildSettings = {
				ASSETCATALOG_COMPILER_APPICON_NAME = AppIcon;
				ASSETCATALOG_COMPILER_GLOBAL_ACCENT_COLOR_NAME = AccentColor;
				CODE_SIGN_STYLE = Automatic;
				CURRENT_PROJECT_VERSION = 1;
				DEVELOPMENT_TEAM = XD59PG7AUF;
				ENABLE_PREVIEWS = YES;
				GENERATE_INFOPLIST_FILE = YES;
				INFOPLIST_KEY_UIApplicationSceneManifest_Generation = YES;
				INFOPLIST_KEY_UIApplicationSupportsIndirectInputEvents = YES;
				INFOPLIST_KEY_UILaunchScreen_Generation = YES;
				INFOPLIST_KEY_UISupportedInterfaceOrientations_iPad = "UIInterfaceOrientationPortrait UIInterfaceOrientationPortraitUpsideDown UIInterfaceOrientationLandscapeLeft UIInterfaceOrientationLandscapeRight";
				INFOPLIST_KEY_UISupportedInterfaceOrientations_iPhone = "UIInterfaceOrientationPortrait UIInterfaceOrientationLandscapeLeft UIInterfaceOrientationLandscapeRight";
				LD_RUNPATH_SEARCH_PATHS = (
					"$(inherited)",
					"@executable_path/Frameworks",
				);
				MARKETING_VERSION = 1.0;
				PRODUCT_BUNDLE_IDENTIFIER = MIR.FlashCard;
				PRODUCT_NAME = "$(TARGET_NAME)";
				SWIFT_EMIT_LOC_STRINGS = YES;
				SWIFT_VERSION = 5.0;
				TARGETED_DEVICE_FAMILY = "1,2";
			};
			name = Debug;
		};
		494282E62E03EB5E0043DE05 /* Release */ = {
			isa = XCBuildConfiguration;
			buildSettings = {
				ASSETCATALOG_COMPILER_APPICON_NAME = AppIcon;
				ASSETCATALOG_COMPILER_GLOBAL_ACCENT_COLOR_NAME = AccentColor;
				CODE_SIGN_STYLE = Automatic;
				CURRENT_PROJECT_VERSION = 1;
				DEVELOPMENT_TEAM = XD59PG7AUF;
				ENABLE_PREVIEWS = YES;
				GENERATE_INFOPLIST_FILE = YES;
				INFOPLIST_KEY_UIApplicationSceneManifest_Generation = YES;
				INFOPLIST_KEY_UIApplicationSupportsIndirectInputEvents = YES;
				INFOPLIST_KEY_UILaunchScreen_Generation = YES;
				INFOPLIST_KEY_UISupportedInterfaceOrientations_iPad = "UIInterfaceOrientationPortrait UIInterfaceOrientationPortraitUpsideDown UIInterfaceOrientationLandscapeLeft UIInterfaceOrientationLandscapeRight";
				INFOPLIST_KEY_UISupportedInterfaceOrientations_iPhone = "UIInterfaceOrientationPortrait UIInterfaceOrientationLandscapeLeft UIInterfaceOrientationLandscapeRight";
				LD_RUNPATH_SEARCH_PATHS = (
					"$(inherited)",
					"@executable_path/Frameworks",
				);
				MARKETING_VERSION = 1.0;
				PRODUCT_BUNDLE_IDENTIFIER = MIR.FlashCard;
				PRODUCT_NAME = "$(TARGET_NAME)";
				SWIFT_EMIT_LOC_STRINGS = YES;
				SWIFT_VERSION = 5.0;
				TARGETED_DEVICE_FAMILY = "1,2";
			};
			name = Release;
		};
		494282E82E03EB5E0043DE05 /* Debug */ = {
			isa = XCBuildConfiguration;
			buildSettings = {
				BUNDLE_LOADER = "$(TEST_HOST)";
				CODE_SIGN_STYLE = Automatic;
				CURRENT_PROJECT_VERSION = 1;
				DEVELOPMENT_TEAM = XD59PG7AUF;
				GENERATE_INFOPLIST_FILE = YES;
				IPHONEOS_DEPLOYMENT_TARGET = 18.5;
				MARKETING_VERSION = 1.0;
				PRODUCT_BUNDLE_IDENTIFIER = MIR.FlashCardTests;
				PRODUCT_NAME = "$(TARGET_NAME)";
				SWIFT_EMIT_LOC_STRINGS = NO;
				SWIFT_VERSION = 5.0;
				TARGETED_DEVICE_FAMILY = "1,2";
				TEST_HOST = "$(BUILT_PRODUCTS_DIR)/FlashCard.app/$(BUNDLE_EXECUTABLE_FOLDER_PATH)/FlashCard";
			};
			name = Debug;
		};
		494282E92E03EB5E0043DE05 /* Release */ = {
			isa = XCBuildConfiguration;
			buildSettings = {
				BUNDLE_LOADER = "$(TEST_HOST)";
				CODE_SIGN_STYLE = Automatic;
				CURRENT_PROJECT_VERSION = 1;
				DEVELOPMENT_TEAM = XD59PG7AUF;
				GENERATE_INFOPLIST_FILE = YES;
				IPHONEOS_DEPLOYMENT_TARGET = 18.5;
				MARKETING_VERSION = 1.0;
				PRODUCT_BUNDLE_IDENTIFIER = MIR.FlashCardTests;
				PRODUCT_NAME = "$(TARGET_NAME)";
				SWIFT_EMIT_LOC_STRINGS = NO;
				SWIFT_VERSION = 5.0;
				TARGETED_DEVICE_FAMILY = "1,2";
				TEST_HOST = "$(BUILT_PRODUCTS_DIR)/FlashCard.app/$(BUNDLE_EXECUTABLE_FOLDER_PATH)/FlashCard";
			};
			name = Release;
		};
		494282EB2E03EB5E0043DE05 /* Debug */ = {
			isa = XCBuildConfiguration;
			buildSettings = {
				CODE_SIGN_STYLE = Automatic;
				CURRENT_PROJECT_VERSION = 1;
				DEVELOPMENT_TEAM = XD59PG7AUF;
				GENERATE_INFOPLIST_FILE = YES;
				MARKETING_VERSION = 1.0;
				PRODUCT_BUNDLE_IDENTIFIER = MIR.FlashCardUITests;
				PRODUCT_NAME = "$(TARGET_NAME)";
				SWIFT_EMIT_LOC_STRINGS = NO;
				SWIFT_VERSION = 5.0;
				TARGETED_DEVICE_FAMILY = "1,2";
				TEST_TARGET_NAME = FlashCard;
			};
			name = Debug;
		};
		494282EC2E03EB5E0043DE05 /* Release */ = {
			isa = XCBuildConfiguration;
			buildSettings = {
				CODE_SIGN_STYLE = Automatic;
				CURRENT_PROJECT_VERSION = 1;
				DEVELOPMENT_TEAM = XD59PG7AUF;
				GENERATE_INFOPLIST_FILE = YES;
				MARKETING_VERSION = 1.0;
				PRODUCT_BUNDLE_IDENTIFIER = MIR.FlashCardUITests;
				PRODUCT_NAME = "$(TARGET_NAME)";
				SWIFT_EMIT_LOC_STRINGS = NO;
				SWIFT_VERSION = 5.0;
				TARGETED_DEVICE_FAMILY = "1,2";
				TEST_TARGET_NAME = FlashCard;
			};
			name = Release;
		};
/* End XCBuildConfiguration section */

/* Begin XCConfigurationList section */
		494282BE2E03EB5C0043DE05 /* Build configuration list for PBXProject "FlashCard" */ = {
			isa = XCConfigurationList;
			buildConfigurations = (
				494282E22E03EB5E0043DE05 /* Debug */,
				494282E32E03EB5E0043DE05 /* Release */,
			);
			defaultConfigurationIsVisible = 0;
			defaultConfigurationName = Release;
		};
		494282E42E03EB5E0043DE05 /* Build configuration list for PBXNativeTarget "FlashCard" */ = {
			isa = XCConfigurationList;
			buildConfigurations = (
				494282E52E03EB5E0043DE05 /* Debug */,
				494282E62E03EB5E0043DE05 /* Release */,
			);
			defaultConfigurationIsVisible = 0;
			defaultConfigurationName = Release;
		};
		494282E72E03EB5E0043DE05 /* Build configuration list for PBXNativeTarget "FlashCardTests" */ = {
			isa = XCConfigurationList;
			buildConfigurations = (
				494282E82E03EB5E0043DE05 /* Debug */,
				494282E92E03EB5E0043DE05 /* Release */,
			);
			defaultConfigurationIsVisible = 0;
			defaultConfigurationName = Release;
		};
		494282EA2E03EB5E0043DE05 /* Build configuration list for PBXNativeTarget "FlashCardUITests" */ = {
			isa = XCConfigurationList;
			buildConfigurations = (
				494282EB2E03EB5E0043DE05 /* Debug */,
				494282EC2E03EB5E0043DE05 /* Release */,
			);
			defaultConfigurationIsVisible = 0;
			defaultConfigurationName = Release;
		};
/* End XCConfigurationList section */

/* Begin XCRemoteSwiftPackageReference section */
		494283132E041A600043DE05 /* XCRemoteSwiftPackageReference "firebase-ios-sdk" */ = {
			isa = XCRemoteSwiftPackageReference;
			repositoryURL = "https://github.com/firebase/firebase-ios-sdk";
			requirement = {
				kind = upToNextMajorVersion;
				minimumVersion = 11.14.0;
			};
		};
/* End XCRemoteSwiftPackageReference section */

/* Begin XCSwiftPackageProductDependency section */
		494283142E041A600043DE05 /* FirebaseAuth */ = {
			isa = XCSwiftPackageProductDependency;
			package = 494283132E041A600043DE05 /* XCRemoteSwiftPackageReference "firebase-ios-sdk" */;
			productName = FirebaseAuth;
		};
		494283162E041A600043DE05 /* FirebaseCore */ = {
			isa = XCSwiftPackageProductDependency;
			package = 494283132E041A600043DE05 /* XCRemoteSwiftPackageReference "firebase-ios-sdk" */;
			productName = FirebaseCore;
		};
		494283182E041A600043DE05 /* FirebaseDatabase */ = {
			isa = XCSwiftPackageProductDependency;
			package = 494283132E041A600043DE05 /* XCRemoteSwiftPackageReference "firebase-ios-sdk" */;
			productName = FirebaseDatabase;
		};
		4942831A2E041A600043DE05 /* FirebaseFirestore */ = {
			isa = XCSwiftPackageProductDependency;
			package = 494283132E041A600043DE05 /* XCRemoteSwiftPackageReference "firebase-ios-sdk" */;
			productName = FirebaseFirestore;
		};
		4942831C2E041A600043DE05 /* FirebaseStorage */ = {
			isa = XCSwiftPackageProductDependency;
			package = 494283132E041A600043DE05 /* XCRemoteSwiftPackageReference "firebase-ios-sdk" */;
			productName = FirebaseStorage;
		};
/* End XCSwiftPackageProductDependency section */
	};
	rootObject = 494282BB2E03EB5C0043DE05 /* Project object */;
}
